
Microsoft Visual Studio Solution File, Format Version 12.00
# Visual Studio Version 17
VisualStudioVersion = 17.10.35122.118
MinimumVisualStudioVersion = 10.0.40219.1
Project("{FAE04EC0-301F-11D3-BF4B-00C04F79EFBC}") = "OOPProject", "OOPProject\OOPProject.csproj", "{604B3B09-57E0-469C-9561-6E89FBB5FC17}"
EndProject
Global
	GlobalSection(SolutionConfigurationPlatforms) = preSolution
		Debug|Any CPU = Debug|Any CPU
		Release|Any CPU = Release|Any CPU
	EndGlobalSection
	GlobalSection(ProjectConfigurationPlatforms) = postSolution
		{604B3B09-57E0-469C-9561-6E89FBB5FC17}.Debug|Any CPU.ActiveCfg = Debug|Any CPU
		{604B3B09-57E0-469C-9561-6E89FBB5FC17}.Debug|Any CPU.Build.0 = Debug|Any CPU
		{604B3B09-57E0-469C-9561-6E89FBB5FC17}.Release|Any CPU.ActiveCfg = Release|Any CPU
		{604B3B09-57E0-469C-9561-6E89FBB5FC17}.Release|Any CPU.Build.0 = Release|Any CPU
	EndGlobalSection
	GlobalSection(SolutionProperties) = preSolution
		HideSolutionNode = FALSE
	EndGlobalSection
	GlobalSection(ExtensibilityGlobals) = postSolution
		SolutionGuid = {8DE35DC3-FC0E-4A9F-BC42-E12F801B22F6}
	EndGlobalSection
EndGlobal
